
Microsoft Visual Studio Solution File, Format Version 12.00
# Visual Studio 2013
VisualStudioVersion = 12.0.21005.1
MinimumVisualStudioVersion = 10.0.40219.1
Project("{B1E792BE-AA5F-4E3C-8C82-674BF9C0715B}") = "TcJoy TwinCAT Project", "TcJoy TwinCAT Project\TcJoy TwinCAT Project.tsproj", "{509D9988-C73A-41EE-A28F-A563C0E378BC}"
EndProject
Global
	GlobalSection(SolutionConfigurationPlatforms) = preSolution
		Debug|TwinCAT CE7 (ARMV7) = Debug|TwinCAT CE7 (ARMV7)
		Debug|TwinCAT RT (x64) = Debug|TwinCAT RT (x64)
		Debug|TwinCAT RT (x86) = Debug|TwinCAT RT (x86)
		Release|TwinCAT CE7 (ARMV7) = Release|TwinCAT CE7 (ARMV7)
		Release|TwinCAT RT (x64) = Release|TwinCAT RT (x64)
		Release|TwinCAT RT (x86) = Release|TwinCAT RT (x86)
	EndGlobalSection
	GlobalSection(ProjectConfigurationPlatforms) = postSolution
		{509D9988-C73A-41EE-A28F-A563C0E378BC}.Debug|TwinCAT CE7 (ARMV7).ActiveCfg = Debug|TwinCAT CE7 (ARMV7)
		{509D9988-C73A-41EE-A28F-A563C0E378BC}.Debug|TwinCAT CE7 (ARMV7).Build.0 = Debug|TwinCAT CE7 (ARMV7)
		{509D9988-C73A-41EE-A28F-A563C0E378BC}.Debug|TwinCAT RT (x64).ActiveCfg = Debug|TwinCAT RT (x64)
		{509D9988-C73A-41EE-A28F-A563C0E378BC}.Debug|TwinCAT RT (x64).Build.0 = Debug|TwinCAT RT (x64)
		{509D9988-C73A-41EE-A28F-A563C0E378BC}.Debug|TwinCAT RT (x86).ActiveCfg = Debug|TwinCAT RT (x86)
		{509D9988-C73A-41EE-A28F-A563C0E378BC}.Debug|TwinCAT RT (x86).Build.0 = Debug|TwinCAT RT (x86)
		{509D9988-C73A-41EE-A28F-A563C0E378BC}.Release|TwinCAT CE7 (ARMV7).ActiveCfg = Release|TwinCAT CE7 (ARMV7)
		{509D9988-C73A-41EE-A28F-A563C0E378BC}.Release|TwinCAT CE7 (ARMV7).Build.0 = Release|TwinCAT CE7 (ARMV7)
		{509D9988-C73A-41EE-A28F-A563C0E378BC}.Release|TwinCAT RT (x64).ActiveCfg = Release|TwinCAT RT (x64)
		{509D9988-C73A-41EE-A28F-A563C0E378BC}.Release|TwinCAT RT (x64).Build.0 = Release|TwinCAT RT (x64)
		{509D9988-C73A-41EE-A28F-A563C0E378BC}.Release|TwinCAT RT (x86).ActiveCfg = Release|TwinCAT RT (x86)
		{509D9988-C73A-41EE-A28F-A563C0E378BC}.Release|TwinCAT RT (x86).Build.0 = Release|TwinCAT RT (x86)
		{96416CCB-0EEB-4A8A-8D63-5036D89A5118}.Debug|TwinCAT CE7 (ARMV7).ActiveCfg = Debug|TwinCAT CE7 (ARMV7)
		{96416CCB-0EEB-4A8A-8D63-5036D89A5118}.Debug|TwinCAT CE7 (ARMV7).Build.0 = Debug|TwinCAT CE7 (ARMV7)
		{96416CCB-0EEB-4A8A-8D63-5036D89A5118}.Debug|TwinCAT RT (x64).ActiveCfg = Debug|TwinCAT RT (x64)
		{96416CCB-0EEB-4A8A-8D63-5036D89A5118}.Debug|TwinCAT RT (x64).Build.0 = Debug|TwinCAT RT (x64)
		{96416CCB-0EEB-4A8A-8D63-5036D89A5118}.Debug|TwinCAT RT (x86).ActiveCfg = Debug|TwinCAT RT (x86)
		{96416CCB-0EEB-4A8A-8D63-5036D89A5118}.Debug|TwinCAT RT (x86).Build.0 = Debug|TwinCAT RT (x86)
		{96416CCB-0EEB-4A8A-8D63-5036D89A5118}.Release|TwinCAT CE7 (ARMV7).ActiveCfg = Release|TwinCAT CE7 (ARMV7)
		{96416CCB-0EEB-4A8A-8D63-5036D89A5118}.Release|TwinCAT CE7 (ARMV7).Build.0 = Release|TwinCAT CE7 (ARMV7)
		{96416CCB-0EEB-4A8A-8D63-5036D89A5118}.Release|TwinCAT RT (x64).ActiveCfg = Release|TwinCAT RT (x64)
		{96416CCB-0EEB-4A8A-8D63-5036D89A5118}.Release|TwinCAT RT (x64).Build.0 = Release|TwinCAT RT (x64)
		{96416CCB-0EEB-4A8A-8D63-5036D89A5118}.Release|TwinCAT RT (x86).ActiveCfg = Release|TwinCAT RT (x86)
		{96416CCB-0EEB-4A8A-8D63-5036D89A5118}.Release|TwinCAT RT (x86).Build.0 = Release|TwinCAT RT (x86)
	EndGlobalSection
	GlobalSection(SolutionProperties) = preSolution
		HideSolutionNode = FALSE
	EndGlobalSection
EndGlobal
